
Microsoft Visual Studio Solution File, Format Version 12.00
# Visual Studio 15
Project("{FAE04EC0-301F-11D3-BF4B-00C04F79EFBC}") = "Assembly-CSharp", "Assembly-CSharp.csproj", "{AEA1B03C-5676-3F09-2E1C-056227B015DE}"
EndProject
Project("{FAE04EC0-301F-11D3-BF4B-00C04F79EFBC}") = "Assembly-CSharp-Editor", "Assembly-CSharp-Editor.csproj", "{B6E0BF99-B75C-BE6C-97FB-99F4DFAD13A3}"
EndProject
Global
	GlobalSection(SolutionConfigurationPlatforms) = preSolution
		Debug|Any CPU = Debug|Any CPU
		Release|Any CPU = Release|Any CPU
	EndGlobalSection
	GlobalSection(ProjectConfigurationPlatforms) = postSolution
		{AEA1B03C-5676-3F09-2E1C-056227B015DE}.Debug|Any CPU.ActiveCfg = Debug|Any CPU
		{AEA1B03C-5676-3F09-2E1C-056227B015DE}.Debug|Any CPU.Build.0 = Debug|Any CPU
		{AEA1B03C-5676-3F09-2E1C-056227B015DE}.Release|Any CPU.ActiveCfg = Release|Any CPU
		{AEA1B03C-5676-3F09-2E1C-056227B015DE}.Release|Any CPU.Build.0 = Release|Any CPU
		{B6E0BF99-B75C-BE6C-97FB-99F4DFAD13A3}.Debug|Any CPU.ActiveCfg = Debug|Any CPU
		{B6E0BF99-B75C-BE6C-97FB-99F4DFAD13A3}.Debug|Any CPU.Build.0 = Debug|Any CPU
		{B6E0BF99-B75C-BE6C-97FB-99F4DFAD13A3}.Release|Any CPU.ActiveCfg = Release|Any CPU
		{B6E0BF99-B75C-BE6C-97FB-99F4DFAD13A3}.Release|Any CPU.Build.0 = Release|Any CPU
	EndGlobalSection
	GlobalSection(SolutionProperties) = preSolution
		HideSolutionNode = FALSE
	EndGlobalSection
EndGlobal
